
Microsoft Visual Studio Solution File, Format Version 12.00
# Visual Studio Version 17
VisualStudioVersion = 17.1.32414.318
MinimumVisualStudioVersion = 10.0.40219.1
Project("{9A19103F-16F7-4668-BE54-9A1E7A4F7556}") = "Data", "Data\Data.csproj", "{063512A6-960C-4F5F-8357-FB64DBE9D134}"
EndProject
Project("{9A19103F-16F7-4668-BE54-9A1E7A4F7556}") = "WebApp", "WebApp\WebApp.csproj", "{C92D1481-F52C-4F25-86A0-614B6E035C1D}"
EndProject
Project("{9A19103F-16F7-4668-BE54-9A1E7A4F7556}") = "EFCore", "EFCore\EFCore.csproj", "{CA85A330-D2BA-455B-B8C7-028F52509FB2}"
EndProject
Global
	GlobalSection(SolutionConfigurationPlatforms) = preSolution
		Debug|Any CPU = Debug|Any CPU
		Release|Any CPU = Release|Any CPU
	EndGlobalSection
	GlobalSection(ProjectConfigurationPlatforms) = postSolution
		{063512A6-960C-4F5F-8357-FB64DBE9D134}.Debug|Any CPU.ActiveCfg = Debug|Any CPU
		{063512A6-960C-4F5F-8357-FB64DBE9D134}.Debug|Any CPU.Build.0 = Debug|Any CPU
		{063512A6-960C-4F5F-8357-FB64DBE9D134}.Release|Any CPU.ActiveCfg = Release|Any CPU
		{063512A6-960C-4F5F-8357-FB64DBE9D134}.Release|Any CPU.Build.0 = Release|Any CPU
		{C92D1481-F52C-4F25-86A0-614B6E035C1D}.Debug|Any CPU.ActiveCfg = Debug|Any CPU
		{C92D1481-F52C-4F25-86A0-614B6E035C1D}.Debug|Any CPU.Build.0 = Debug|Any CPU
		{C92D1481-F52C-4F25-86A0-614B6E035C1D}.Release|Any CPU.ActiveCfg = Release|Any CPU
		{C92D1481-F52C-4F25-86A0-614B6E035C1D}.Release|Any CPU.Build.0 = Release|Any CPU
		{CA85A330-D2BA-455B-B8C7-028F52509FB2}.Debug|Any CPU.ActiveCfg = Debug|Any CPU
		{CA85A330-D2BA-455B-B8C7-028F52509FB2}.Debug|Any CPU.Build.0 = Debug|Any CPU
		{CA85A330-D2BA-455B-B8C7-028F52509FB2}.Release|Any CPU.ActiveCfg = Release|Any CPU
		{CA85A330-D2BA-455B-B8C7-028F52509FB2}.Release|Any CPU.Build.0 = Release|Any CPU
	EndGlobalSection
	GlobalSection(SolutionProperties) = preSolution
		HideSolutionNode = FALSE
	EndGlobalSection
	GlobalSection(ExtensibilityGlobals) = postSolution
		SolutionGuid = {A429C563-A610-4436-9017-3032DACA7D27}
	EndGlobalSection
EndGlobal
