
Microsoft Visual Studio Solution File, Format Version 12.00
Project("{FAE04EC0-301F-11D3-BF4B-00C04F79EFBC}") = "Data", "Data\Data.csproj", "{063512A6-960C-4F5F-8357-FB64DBE9D134}"
EndProject
Project("{FAE04EC0-301F-11D3-BF4B-00C04F79EFBC}") = "WebApp", "WebApp\WebApp.csproj", "{C92D1481-F52C-4F25-86A0-614B6E035C1D}"
EndProject
Global
	GlobalSection(SolutionConfigurationPlatforms) = preSolution
		Debug|Any CPU = Debug|Any CPU
		Release|Any CPU = Release|Any CPU
	EndGlobalSection
	GlobalSection(ProjectConfigurationPlatforms) = postSolution
		{063512A6-960C-4F5F-8357-FB64DBE9D134}.Debug|Any CPU.ActiveCfg = Debug|Any CPU
		{063512A6-960C-4F5F-8357-FB64DBE9D134}.Debug|Any CPU.Build.0 = Debug|Any CPU
		{063512A6-960C-4F5F-8357-FB64DBE9D134}.Release|Any CPU.ActiveCfg = Release|Any CPU
		{063512A6-960C-4F5F-8357-FB64DBE9D134}.Release|Any CPU.Build.0 = Release|Any CPU
		{C92D1481-F52C-4F25-86A0-614B6E035C1D}.Debug|Any CPU.ActiveCfg = Debug|Any CPU
		{C92D1481-F52C-4F25-86A0-614B6E035C1D}.Debug|Any CPU.Build.0 = Debug|Any CPU
		{C92D1481-F52C-4F25-86A0-614B6E035C1D}.Release|Any CPU.ActiveCfg = Release|Any CPU
		{C92D1481-F52C-4F25-86A0-614B6E035C1D}.Release|Any CPU.Build.0 = Release|Any CPU
	EndGlobalSection
EndGlobal
